
Microsoft Visual Studio Solution File, Format Version 12.00
Project("{FAE04EC0-301F-11D3-BF4B-00C04F79EFBC}") = "Chat.Web", "Chat.Web\Chat.Web.csproj", "{B6030E2D-E9A8-4723-96B5-97AAFDE28BAF}"
EndProject
Project("{FAE04EC0-301F-11D3-BF4B-00C04F79EFBC}") = "Chat.DataAccess", "Chat.DataAccess\Chat.DataAccess.csproj", "{2E9EB6CD-F62F-4A76-AA3C-5BD50384E313}"
EndProject
Project("{FAE04EC0-301F-11D3-BF4B-00C04F79EFBC}") = "Chat.BusinessLogic", "Chat.BusinessLogic\Chat.BusinessLogic.csproj", "{996B9C84-345F-4213-AFD2-91DC6DF9BF25}"
EndProject
Global
	GlobalSection(SolutionConfigurationPlatforms) = preSolution
		Debug|Any CPU = Debug|Any CPU
		Release|Any CPU = Release|Any CPU
	EndGlobalSection
	GlobalSection(ProjectConfigurationPlatforms) = postSolution
		{B6030E2D-E9A8-4723-96B5-97AAFDE28BAF}.Debug|Any CPU.ActiveCfg = Debug|Any CPU
		{B6030E2D-E9A8-4723-96B5-97AAFDE28BAF}.Debug|Any CPU.Build.0 = Debug|Any CPU
		{B6030E2D-E9A8-4723-96B5-97AAFDE28BAF}.Release|Any CPU.ActiveCfg = Release|Any CPU
		{B6030E2D-E9A8-4723-96B5-97AAFDE28BAF}.Release|Any CPU.Build.0 = Release|Any CPU
		{2E9EB6CD-F62F-4A76-AA3C-5BD50384E313}.Debug|Any CPU.ActiveCfg = Debug|Any CPU
		{2E9EB6CD-F62F-4A76-AA3C-5BD50384E313}.Debug|Any CPU.Build.0 = Debug|Any CPU
		{2E9EB6CD-F62F-4A76-AA3C-5BD50384E313}.Release|Any CPU.ActiveCfg = Release|Any CPU
		{2E9EB6CD-F62F-4A76-AA3C-5BD50384E313}.Release|Any CPU.Build.0 = Release|Any CPU
		{996B9C84-345F-4213-AFD2-91DC6DF9BF25}.Debug|Any CPU.ActiveCfg = Debug|Any CPU
		{996B9C84-345F-4213-AFD2-91DC6DF9BF25}.Debug|Any CPU.Build.0 = Debug|Any CPU
		{996B9C84-345F-4213-AFD2-91DC6DF9BF25}.Release|Any CPU.ActiveCfg = Release|Any CPU
		{996B9C84-345F-4213-AFD2-91DC6DF9BF25}.Release|Any CPU.Build.0 = Release|Any CPU
	EndGlobalSection
EndGlobal
